
Microsoft Visual Studio Solution File, Format Version 12.00
# Visual Studio Version 17
VisualStudioVersion = 17.4.33205.214
MinimumVisualStudioVersion = 10.0.40219.1
Project("{FAE04EC0-301F-11D3-BF4B-00C04F79EFBC}") = "Zavrsna apl1", "Zavrsna apl1\Zavrsna apl1.csproj", "{3870A001-5346-4978-8051-1D60CAD07D8F}"
EndProject
Global
	GlobalSection(SolutionConfigurationPlatforms) = preSolution
		Debug|Any CPU = Debug|Any CPU
		Release|Any CPU = Release|Any CPU
	EndGlobalSection
	GlobalSection(ProjectConfigurationPlatforms) = postSolution
		{3870A001-5346-4978-8051-1D60CAD07D8F}.Debug|Any CPU.ActiveCfg = Debug|Any CPU
		{3870A001-5346-4978-8051-1D60CAD07D8F}.Debug|Any CPU.Build.0 = Debug|Any CPU
		{3870A001-5346-4978-8051-1D60CAD07D8F}.Release|Any CPU.ActiveCfg = Release|Any CPU
		{3870A001-5346-4978-8051-1D60CAD07D8F}.Release|Any CPU.Build.0 = Release|Any CPU
	EndGlobalSection
	GlobalSection(SolutionProperties) = preSolution
		HideSolutionNode = FALSE
	EndGlobalSection
	GlobalSection(ExtensibilityGlobals) = postSolution
		SolutionGuid = {08198E6D-0661-4854-9293-487B3B8E6570}
	EndGlobalSection
EndGlobal
